// !$*UTF8*$!
{
	archiveVersion = 1;
	classes = {
	};
	objectVersion = 48;
	objects = {

/* Begin PBXBuildFile section */
		1755DDF42051C1BD00840BD2 /* AppDelegate.swift in Sources */ = {isa = PBXBuildFile; fileRef = 1755DDF32051C1BD00840BD2 /* AppDelegate.swift */; };
		1755DDF62051C1BD00840BD2 /* ViewController.swift in Sources */ = {isa = PBXBuildFile; fileRef = 1755DDF52051C1BD00840BD2 /* ViewController.swift */; };
		1755DDF92051C1BD00840BD2 /* Main.storyboard in Resources */ = {isa = PBXBuildFile; fileRef = 1755DDF72051C1BD00840BD2 /* Main.storyboard */; };
		1755DDFC2051C1BD00840BD2 /* Guessing_Game_iOS.xcdatamodeld in Sources */ = {isa = PBXBuildFile; fileRef = 1755DDFA2051C1BD00840BD2 /* Guessing_Game_iOS.xcdatamodeld */; };
		1755DDFE2051C1BD00840BD2 /* Assets.xcassets in Resources */ = {isa = PBXBuildFile; fileRef = 1755DDFD2051C1BD00840BD2 /* Assets.xcassets */; };
		1755DE012051C1BD00840BD2 /* LaunchScreen.storyboard in Resources */ = {isa = PBXBuildFile; fileRef = 1755DDFF2051C1BD00840BD2 /* LaunchScreen.storyboard */; };
/* End PBXBuildFile section */

/* Begin PBXFileReference section */
		1755DDF02051C1BD00840BD2 /* Guessing Game iOS.app */ = {isa = PBXFileReference; explicitFileType = wrapper.application; includeInIndex = 0; path = "Guessing Game iOS.app"; sourceTree = BUILT_PRODUCTS_DIR; };
		1755DDF32051C1BD00840BD2 /* AppDelegate.swift */ = {isa = PBXFileReference; lastKnownFileType = sourcecode.swift; path = AppDelegate.swift; sourceTree = "<group>"; };
		1755DDF52051C1BD00840BD2 /* ViewController.swift */ = {isa = PBXFileReference; lastKnownFileType = sourcecode.swift; path = ViewController.swift; sourceTree = "<group>"; };
		1755DDF82051C1BD00840BD2 /* Base */ = {isa = PBXFileReference; lastKnownFileType = file.storyboard; name = Base; path = Base.lproj/Main.storyboard; sourceTree = "<group>"; };
		1755DDFB2051C1BD00840BD2 /* Guessing_Game_iOS.xcdatamodel */ = {isa = PBXFileReference; lastKnownFileType = wrapper.xcdatamodel; path = Guessing_Game_iOS.xcdatamodel; sourceTree = "<group>"; };
		1755DDFD2051C1BD00840BD2 /* Assets.xcassets */ = {isa = PBXFileReference; lastKnownFileType = folder.assetcatalog; path = Assets.xcassets; sourceTree = "<group>"; };
		1755DE002051C1BD00840BD2 /* Base */ = {isa = PBXFileReference; lastKnownFileType = file.storyboard; name = Base; path = Base.lproj/LaunchScreen.storyboard; sourceTree = "<group>"; };
		1755DE022051C1BD00840BD2 /* Info.plist */ = {isa = PBXFileReference; lastKnownFileType = text.plist.xml; path = Info.plist; sourceTree = "<group>"; };
/* End PBXFileReference section */

/* Begin PBXFrameworksBuildPhase section */
		1755DDED2051C1BD00840BD2 /* Frameworks */ = {
			isa = PBXFrameworksBuildPhase;
			buildActionMask = 2147483647;
			files = (
			);
			runOnlyForDeploymentPostprocessing = 0;
		};
/* End PBXFrameworksBuildPhase section */

/* Begin PBXGroup section */
		1755DDE72051C1BD00840BD2 = {
			isa = PBXGroup;
			children = (
				1755DDF22051C1BD00840BD2 /* Guessing Game iOS */,
				1755DDF12051C1BD00840BD2 /* Products */,
			);
			sourceTree = "<group>";
		};
		1755DDF12051C1BD00840BD2 /* Products */ = {
			isa = PBXGroup;
			children = (
				1755DDF02051C1BD00840BD2 /* Guessing Game iOS.app */,
			);
			name = Products;
			sourceTree = "<group>";
		};
		1755DDF22051C1BD00840BD2 /* Guessing Game iOS */ = {
			isa = PBXGroup;
			children = (
				1755DDF32051C1BD00840BD2 /* AppDelegate.swift */,
				1755DDF52051C1BD00840BD2 /* ViewController.swift */,
				1755DDF72051C1BD00840BD2 /* Main.storyboard */,
				1755DDFD2051C1BD00840BD2 /* Assets.xcassets */,
				1755DDFF2051C1BD00840BD2 /* LaunchScreen.storyboard */,
				1755DE022051C1BD00840BD2 /* Info.plist */,
				1755DDFA2051C1BD00840BD2 /* Guessing_Game_iOS.xcdatamodeld */,
			);
			path = "Guessing Game iOS";
			sourceTree = "<group>";
		};
/* End PBXGroup section */

/* Begin PBXNativeTarget section */
		1755DDEF2051C1BD00840BD2 /* Guessing Game iOS */ = {
			isa = PBXNativeTarget;
			buildConfigurationList = 1755DE052051C1BD00840BD2 /* Build configuration list for PBXNativeTarget "Guessing Game iOS" */;
			buildPhases = (
				1755DDEC2051C1BD00840BD2 /* Sources */,
				1755DDED2051C1BD00840BD2 /* Frameworks */,
				1755DDEE2051C1BD00840BD2 /* Resources */,
			);
			buildRules = (
			);
			dependencies = (
			);
			name = "Guessing Game iOS";
			productName = "Guessing Game iOS";
			productReference = 1755DDF02051C1BD00840BD2 /* Guessing Game iOS.app */;
			productType = "com.apple.product-type.application";
		};
/* End PBXNativeTarget section */

/* Begin PBXProject section */
		1755DDE82051C1BD00840BD2 /* Project object */ = {
			isa = PBXProject;
			attributes = {
				LastSwiftUpdateCheck = 0920;
				LastUpgradeCheck = 0920;
				ORGANIZATIONNAME = "Christian Lenberger";
				TargetAttributes = {
					1755DDEF2051C1BD00840BD2 = {
						CreatedOnToolsVersion = 9.2;
						ProvisioningStyle = Automatic;
					};
				};
			};
			buildConfigurationList = 1755DDEB2051C1BD00840BD2 /* Build configuration list for PBXProject "Guessing Game iOS" */;
			compatibilityVersion = "Xcode 8.0";
			developmentRegion = en;
			hasScannedForEncodings = 0;
			knownRegions = (
				en,
				Base,
			);
			mainGroup = 1755DDE72051C1BD00840BD2;
			productRefGroup = 1755DDF12051C1BD00840BD2 /* Products */;
			projectDirPath = "";
			projectRoot = "";
			targets = (
				1755DDEF2051C1BD00840BD2 /* Guessing Game iOS */,
			);
		};
/* End PBXProject section */

/* Begin PBXResourcesBuildPhase section */
		1755DDEE2051C1BD00840BD2 /* Resources */ = {
			isa = PBXResourcesBuildPhase;
			buildActionMask = 2147483647;
			files = (
				1755DE012051C1BD00840BD2 /* LaunchScreen.storyboard in Resources */,
				1755DDFE2051C1BD00840BD2 /* Assets.xcassets in Resources */,
				1755DDF92051C1BD00840BD2 /* Main.storyboard in Resources */,
			);
			runOnlyForDeploymentPostprocessing = 0;
		};
/* End PBXResourcesBuildPhase section */

/* Begin PBXSourcesBuildPhase section */
		1755DDEC2051C1BD00840BD2 /* Sources */ = {
			isa = PBXSourcesBuildPhase;
			buildActionMask = 2147483647;
			files = (
				1755DDFC2051C1BD00840BD2 /* Guessing_Game_iOS.xcdatamodeld in Sources */,
				1755DDF62051C1BD00840BD2 /* ViewController.swift in Sources */,
				1755DDF42051C1BD00840BD2 /* AppDelegate.swift in Sources */,
			);
			runOnlyForDeploymentPostprocessing = 0;
		};
/* End PBXSourcesBuildPhase section */

/* Begin PBXVariantGroup section */
		1755DDF72051C1BD00840BD2 /* Main.storyboard */ = {
			isa = PBXVariantGroup;
			children = (
				1755DDF82051C1BD00840BD2 /* Base */,
			);
			name = Main.storyboard;
			sourceTree = "<group>";
		};
		1755DDFF2051C1BD00840BD2 /* LaunchScreen.storyboard */ = {
			isa = PBXVariantGroup;
			children = (
				1755DE002051C1BD00840BD2 /* Base */,
			);
			name = LaunchScreen.storyboard;
			sourceTree = "<group>";
		};
/* End PBXVariantGroup section */

/* Begin XCBuildConfiguration section */
		1755DE032051C1BD00840BD2 /* Debug */ = {
			isa = XCBuildConfiguration;
			buildSettings = {
				ALWAYS_SEARCH_USER_PATHS = NO;
				CLANG_ANALYZER_NONNULL = YES;
				CLANG_ANALYZER_NUMBER_OBJECT_CONVERSION = YES_AGGRESSIVE;
				CLANG_CXX_LANGUAGE_STANDARD = "gnu++14";
				CLANG_CXX_LIBRARY = "libc++";
				CLANG_ENABLE_MODULES = YES;
				CLANG_ENABLE_OBJC_ARC = YES;
				CLANG_WARN_BLOCK_CAPTURE_AUTORELEASING = YES;
				CLANG_WARN_BOOL_CONVERSION = YES;
				CLANG_WARN_COMMA = YES;
				CLANG_WARN_CONSTANT_CONVERSION = YES;
				CLANG_WARN_DIRECT_OBJC_ISA_USAGE = YES_ERROR;
				CLANG_WARN_DOCUMENTATION_COMMENTS = YES;
				CLANG_WARN_EMPTY_BODY = YES;
				CLANG_WARN_ENUM_CONVERSION = YES;
				CLANG_WARN_INFINITE_RECURSION = YES;
				CLANG_WARN_INT_CONVERSION = YES;
				CLANG_WARN_NON_LITERAL_NULL_CONVERSION = YES;
				CLANG_WARN_OBJC_LITERAL_CONVERSION = YES;
				CLANG_WARN_OBJC_ROOT_CLASS = YES_ERROR;
				CLANG_WARN_RANGE_LOOP_ANALYSIS = YES;
				CLANG_WARN_STRICT_PROTOTYPES = YES;
				CLANG_WARN_SUSPICIOUS_MOVE = YES;
				CLANG_WARN_UNGUARDED_AVAILABILITY = YES_AGGRESSIVE;
				CLANG_WARN_UNREACHABLE_CODE = YES;
				CLANG_WARN__DUPLICATE_METHOD_MATCH = YES;
				CODE_SIGN_IDENTITY = "iPhone Developer";
				COPY_PHASE_STRIP = NO;
				DEBUG_INFORMATION_FORMAT = dwarf;
				ENABLE_STRICT_OBJC_MSGSEND = YES;
				ENABLE_TESTABILITY = YES;
				GCC_C_LANGUAGE_STANDARD = gnu11;
				GCC_DYNAMIC_NO_PIC = NO;
				GCC_NO_COMMON_BLOCKS = YES;
				GCC_OPTIMIZATION_LEVEL = 0;
				GCC_PREPROCESSOR_DEFINITIONS = (
					"DEBUG=1",
					"$(inherited)",
				);
				GCC_WARN_64_TO_32_BIT_CONVERSION = YES;
				GCC_WARN_ABOUT_RETURN_TYPE = YES_ERROR;
				GCC_WARN_UNDECLARED_SELECTOR = YES;
				GCC_WARN_UNINITIALIZED_AUTOS = YES_AGGRESSIVE;
				GCC_WARN_UNUSED_FUNCTION = YES;
				GCC_WARN_UNUSED_VARIABLE = YES;
				IPHONEOS_DEPLOYMENT_TARGET = 11.2;
				MTL_ENABLE_DEBUG_INFO = YES;
				ONLY_ACTIVE_ARCH = YES;
				SDKROOT = iphoneos;
				SWIFT_ACTIVE_COMPILATION_CONDITIONS = DEBUG;
				SWIFT_OPTIMIZATION_LEVEL = "-Onone";
			};
			name = Debug;
		};
		1755DE042051C1BD00840BD2 /* Release */ = {
			isa = XCBuildConfiguration;
			buildSettings = {
				ALWAYS_SEARCH_USER_PATHS = NO;
				CLANG_ANALYZER_NONNULL = YES;
				CLANG_ANALYZER_NUMBER_OBJECT_CONVERSION = YES_AGGRESSIVE;
				CLANG_CXX_LANGUAGE_STANDARD = "gnu++14";
				CLANG_CXX_LIBRARY = "libc++";
				CLANG_ENABLE_MODULES = YES;
				CLANG_ENABLE_OBJC_ARC = YES;
				CLANG_WARN_BLOCK_CAPTURE_AUTORELEASING = YES;
				CLANG_WARN_BOOL_CONVERSION = YES;
				CLANG_WARN_COMMA = YES;
				CLANG_WARN_CONSTANT_CONVERSION = YES;
				CLANG_WARN_DIRECT_OBJC_ISA_USAGE = YES_ERROR;
				CLANG_WARN_DOCUMENTATION_COMMENTS = YES;
				CLANG_WARN_EMPTY_BODY = YES;
				CLANG_WARN_ENUM_CONVERSION = YES;
				CLANG_WARN_INFINITE_RECURSION = YES;
				CLANG_WARN_INT_CONVERSION = YES;
				CLANG_WARN_NON_LITERAL_NULL_CONVERSION = YES;
				CLANG_WARN_OBJC_LITERAL_CONVERSION = YES;
				CLANG_WARN_OBJC_ROOT_CLASS = YES_ERROR;
				CLANG_WARN_RANGE_LOOP_ANALYSIS = YES;
				CLANG_WARN_STRICT_PROTOTYPES = YES;
				CLANG_WARN_SUSPICIOUS_MOVE = YES;
				CLANG_WARN_UNGUARDED_AVAILABILITY = YES_AGGRESSIVE;
				CLANG_WARN_UNREACHABLE_CODE = YES;
				CLANG_WARN__DUPLICATE_METHOD_MATCH = YES;
				CODE_SIGN_IDENTITY = "iPhone Developer";
				COPY_PHASE_STRIP = NO;
				DEBUG_INFORMATION_FORMAT = "dwarf-with-dsym";
				ENABLE_NS_ASSERTIONS = NO;
				ENABLE_STRICT_OBJC_MSGSEND = YES;
				GCC_C_LANGUAGE_STANDARD = gnu11;
				GCC_NO_COMMON_BLOCKS = YES;
				GCC_WARN_64_TO_32_BIT_CONVERSION = YES;
				GCC_WARN_ABOUT_RETURN_TYPE = YES_ERROR;
				GCC_WARN_UNDECLARED_SELECTOR = YES;
				GCC_WARN_UNINITIALIZED_AUTOS = YES_AGGRESSIVE;
				GCC_WARN_UNUSED_FUNCTION = YES;
				GCC_WARN_UNUSED_VARIABLE = YES;
				IPHONEOS_DEPLOYMENT_TARGET = 11.2;
				MTL_ENABLE_DEBUG_INFO = NO;
				SDKROOT = iphoneos;
				SWIFT_OPTIMIZATION_LEVEL = "-Owholemodule";
				VALIDATE_PRODUCT = YES;
			};
			name = Release;
		};
		1755DE062051C1BD00840BD2 /* Debug */ = {
			isa = XCBuildConfiguration;
			buildSettings = {
				ASSETCATALOG_COMPILER_APPICON_NAME = AppIcon;
				CODE_SIGN_STYLE = Automatic;
				INFOPLIST_FILE = "Guessing Game iOS/Info.plist";
				LD_RUNPATH_SEARCH_PATHS = "$(inherited) @executable_path/Frameworks";
				PRODUCT_BUNDLE_IDENTIFIER = "interapt.Guessing-Game-iOS";
				PRODUCT_NAME = "$(TARGET_NAME)";
				SWIFT_VERSION = 4.0;
				TARGETED_DEVICE_FAMILY = "1,2";
			};
			name = Debug;
		};
		1755DE072051C1BD00840BD2 /* Release */ = {
			isa = XCBuildConfiguration;
			buildSettings = {
				ASSETCATALOG_COMPILER_APPICON_NAME = AppIcon;
				CODE_SIGN_STYLE = Automatic;
				INFOPLIST_FILE = "Guessing Game iOS/Info.plist";
				LD_RUNPATH_SEARCH_PATHS = "$(inherited) @executable_path/Frameworks";
				PRODUCT_BUNDLE_IDENTIFIER = "interapt.Guessing-Game-iOS";
				PRODUCT_NAME = "$(TARGET_NAME)";
				SWIFT_VERSION = 4.0;
				TARGETED_DEVICE_FAMILY = "1,2";
			};
			name = Release;
		};
/* End XCBuildConfiguration section */

/* Begin XCConfigurationList section */
		1755DDEB2051C1BD00840BD2 /* Build configuration list for PBXProject "Guessing Game iOS" */ = {
			isa = XCConfigurationList;
			buildConfigurations = (
				1755DE032051C1BD00840BD2 /* Debug */,
				1755DE042051C1BD00840BD2 /* Release */,
			);
			defaultConfigurationIsVisible = 0;
			defaultConfigurationName = Release;
		};
		1755DE052051C1BD00840BD2 /* Build configuration list for PBXNativeTarget "Guessing Game iOS" */ = {
			isa = XCConfigurationList;
			buildConfigurations = (
				1755DE062051C1BD00840BD2 /* Debug */,
				1755DE072051C1BD00840BD2 /* Release */,
			);
			defaultConfigurationIsVisible = 0;
			defaultConfigurationName = Release;
		};
/* End XCConfigurationList section */

/* Begin XCVersionGroup section */
		1755DDFA2051C1BD00840BD2 /* Guessing_Game_iOS.xcdatamodeld */ = {
			isa = XCVersionGroup;
			children = (
				1755DDFB2051C1BD00840BD2 /* Guessing_Game_iOS.xcdatamodel */,
			);
			currentVersion = 1755DDFB2051C1BD00840BD2 /* Guessing_Game_iOS.xcdatamodel */;
			path = Guessing_Game_iOS.xcdatamodeld;
			sourceTree = "<group>";
			versionGroupType = wrapper.xcdatamodel;
		};
/* End XCVersionGroup section */
	};
	rootObject = 1755DDE82051C1BD00840BD2 /* Project object */;
}
